
Microsoft Visual Studio Solution File, Format Version 12.00
# Visual Studio Version 17
VisualStudioVersion = 17.10.34916.146
MinimumVisualStudioVersion = 10.0.40219.1
Project("{FAE04EC0-301F-11D3-BF4B-00C04F79EFBC}") = "TrabajandoEnCapas", "TrabajandoEnCapas\TrabajandoEnCapas.csproj", "{86869A53-3883-4C4A-96F6-68D9A9B04728}"
EndProject
Project("{FAE04EC0-301F-11D3-BF4B-00C04F79EFBC}") = "Datos", "Datos\Datos.csproj", "{DB2DCB22-AB14-40D3-880E-E6E2E095C324}"
EndProject
Project("{FAE04EC0-301F-11D3-BF4B-00C04F79EFBC}") = "Entidades", "Entidades\Entidades.csproj", "{933D75F4-B96B-470A-89B3-677FD462FFE8}"
EndProject
Project("{FAE04EC0-301F-11D3-BF4B-00C04F79EFBC}") = "Negocios", "Negocios\Negocios.csproj", "{2D718FDD-071C-42CB-B760-5DC621E77C44}"
EndProject
Project("{FAE04EC0-301F-11D3-BF4B-00C04F79EFBC}") = "Presentacion", "Presentacion\Presentacion.csproj", "{317175C9-9F09-4FB0-BE43-8475E4D346AD}"
EndProject
Global
	GlobalSection(SolutionConfigurationPlatforms) = preSolution
		Debug|Any CPU = Debug|Any CPU
		Release|Any CPU = Release|Any CPU
	EndGlobalSection
	GlobalSection(ProjectConfigurationPlatforms) = postSolution
		{86869A53-3883-4C4A-96F6-68D9A9B04728}.Debug|Any CPU.ActiveCfg = Debug|Any CPU
		{86869A53-3883-4C4A-96F6-68D9A9B04728}.Debug|Any CPU.Build.0 = Debug|Any CPU
		{86869A53-3883-4C4A-96F6-68D9A9B04728}.Release|Any CPU.ActiveCfg = Release|Any CPU
		{86869A53-3883-4C4A-96F6-68D9A9B04728}.Release|Any CPU.Build.0 = Release|Any CPU
		{DB2DCB22-AB14-40D3-880E-E6E2E095C324}.Debug|Any CPU.ActiveCfg = Debug|Any CPU
		{DB2DCB22-AB14-40D3-880E-E6E2E095C324}.Debug|Any CPU.Build.0 = Debug|Any CPU
		{DB2DCB22-AB14-40D3-880E-E6E2E095C324}.Release|Any CPU.ActiveCfg = Release|Any CPU
		{DB2DCB22-AB14-40D3-880E-E6E2E095C324}.Release|Any CPU.Build.0 = Release|Any CPU
		{933D75F4-B96B-470A-89B3-677FD462FFE8}.Debug|Any CPU.ActiveCfg = Debug|Any CPU
		{933D75F4-B96B-470A-89B3-677FD462FFE8}.Debug|Any CPU.Build.0 = Debug|Any CPU
		{933D75F4-B96B-470A-89B3-677FD462FFE8}.Release|Any CPU.ActiveCfg = Release|Any CPU
		{933D75F4-B96B-470A-89B3-677FD462FFE8}.Release|Any CPU.Build.0 = Release|Any CPU
		{2D718FDD-071C-42CB-B760-5DC621E77C44}.Debug|Any CPU.ActiveCfg = Debug|Any CPU
		{2D718FDD-071C-42CB-B760-5DC621E77C44}.Debug|Any CPU.Build.0 = Debug|Any CPU
		{2D718FDD-071C-42CB-B760-5DC621E77C44}.Release|Any CPU.ActiveCfg = Release|Any CPU
		{2D718FDD-071C-42CB-B760-5DC621E77C44}.Release|Any CPU.Build.0 = Release|Any CPU
		{317175C9-9F09-4FB0-BE43-8475E4D346AD}.Debug|Any CPU.ActiveCfg = Debug|Any CPU
		{317175C9-9F09-4FB0-BE43-8475E4D346AD}.Debug|Any CPU.Build.0 = Debug|Any CPU
		{317175C9-9F09-4FB0-BE43-8475E4D346AD}.Release|Any CPU.ActiveCfg = Release|Any CPU
		{317175C9-9F09-4FB0-BE43-8475E4D346AD}.Release|Any CPU.Build.0 = Release|Any CPU
	EndGlobalSection
	GlobalSection(SolutionProperties) = preSolution
		HideSolutionNode = FALSE
	EndGlobalSection
	GlobalSection(ExtensibilityGlobals) = postSolution
		SolutionGuid = {3015696D-514B-4BB5-8684-CFA6AE8E5032}
	EndGlobalSection
EndGlobal
