
Microsoft Visual Studio Solution File, Format Version 12.00
# Visual Studio Version 17
VisualStudioVersion = 17.10.34916.146
MinimumVisualStudioVersion = 10.0.40219.1
Project("{FAE04EC0-301F-11D3-BF4B-00C04F79EFBC}") = "TrabajandoEnCapas", "TrabajandoEnCapas\TrabajandoEnCapas.csproj", "{7F56F40A-0D65-47AC-82D6-65B1CFFA2DCB}"
EndProject
Project("{FAE04EC0-301F-11D3-BF4B-00C04F79EFBC}") = "Datos", "Datos\Datos.csproj", "{55D2A7EE-2963-4D30-9569-230F6798560F}"
EndProject
Project("{FAE04EC0-301F-11D3-BF4B-00C04F79EFBC}") = "Entidades", "Entidades\Entidades.csproj", "{BEE888C8-7300-46D6-BD00-FE1F61B738B3}"
EndProject
Project("{FAE04EC0-301F-11D3-BF4B-00C04F79EFBC}") = "Negocios", "Negocios\Negocios.csproj", "{4DB9CD28-3EDC-495E-A4AF-BC0C116EFB5B}"
EndProject
Project("{FAE04EC0-301F-11D3-BF4B-00C04F79EFBC}") = "Presentacion", "Presentacion\Presentacion.csproj", "{6B96EE37-FCC0-4C98-8543-858B486151D3}"
EndProject
Global
	GlobalSection(SolutionConfigurationPlatforms) = preSolution
		Debug|Any CPU = Debug|Any CPU
		Release|Any CPU = Release|Any CPU
	EndGlobalSection
	GlobalSection(ProjectConfigurationPlatforms) = postSolution
		{7F56F40A-0D65-47AC-82D6-65B1CFFA2DCB}.Debug|Any CPU.ActiveCfg = Debug|Any CPU
		{7F56F40A-0D65-47AC-82D6-65B1CFFA2DCB}.Debug|Any CPU.Build.0 = Debug|Any CPU
		{7F56F40A-0D65-47AC-82D6-65B1CFFA2DCB}.Release|Any CPU.ActiveCfg = Release|Any CPU
		{7F56F40A-0D65-47AC-82D6-65B1CFFA2DCB}.Release|Any CPU.Build.0 = Release|Any CPU
		{55D2A7EE-2963-4D30-9569-230F6798560F}.Debug|Any CPU.ActiveCfg = Debug|Any CPU
		{55D2A7EE-2963-4D30-9569-230F6798560F}.Debug|Any CPU.Build.0 = Debug|Any CPU
		{55D2A7EE-2963-4D30-9569-230F6798560F}.Release|Any CPU.ActiveCfg = Release|Any CPU
		{55D2A7EE-2963-4D30-9569-230F6798560F}.Release|Any CPU.Build.0 = Release|Any CPU
		{BEE888C8-7300-46D6-BD00-FE1F61B738B3}.Debug|Any CPU.ActiveCfg = Debug|Any CPU
		{BEE888C8-7300-46D6-BD00-FE1F61B738B3}.Debug|Any CPU.Build.0 = Debug|Any CPU
		{BEE888C8-7300-46D6-BD00-FE1F61B738B3}.Release|Any CPU.ActiveCfg = Release|Any CPU
		{BEE888C8-7300-46D6-BD00-FE1F61B738B3}.Release|Any CPU.Build.0 = Release|Any CPU
		{4DB9CD28-3EDC-495E-A4AF-BC0C116EFB5B}.Debug|Any CPU.ActiveCfg = Debug|Any CPU
		{4DB9CD28-3EDC-495E-A4AF-BC0C116EFB5B}.Debug|Any CPU.Build.0 = Debug|Any CPU
		{4DB9CD28-3EDC-495E-A4AF-BC0C116EFB5B}.Release|Any CPU.ActiveCfg = Release|Any CPU
		{4DB9CD28-3EDC-495E-A4AF-BC0C116EFB5B}.Release|Any CPU.Build.0 = Release|Any CPU
		{6B96EE37-FCC0-4C98-8543-858B486151D3}.Debug|Any CPU.ActiveCfg = Debug|Any CPU
		{6B96EE37-FCC0-4C98-8543-858B486151D3}.Debug|Any CPU.Build.0 = Debug|Any CPU
		{6B96EE37-FCC0-4C98-8543-858B486151D3}.Release|Any CPU.ActiveCfg = Release|Any CPU
		{6B96EE37-FCC0-4C98-8543-858B486151D3}.Release|Any CPU.Build.0 = Release|Any CPU
	EndGlobalSection
	GlobalSection(SolutionProperties) = preSolution
		HideSolutionNode = FALSE
	EndGlobalSection
	GlobalSection(ExtensibilityGlobals) = postSolution
		SolutionGuid = {3015696D-514B-4BB5-8684-CFA6AE8E5032}
	EndGlobalSection
EndGlobal
